
Microsoft Visual Studio Solution File, Format Version 12.00
# Visual Studio Version 16
VisualStudioVersion = 16.0.30907.101
MinimumVisualStudioVersion = 10.0.40219.1
Project("{FAE04EC0-301F-11D3-BF4B-00C04F79EFBC}") = "SelectionStatements", "SelectionStatements\SelectionStatements.csproj", "{5B5B6839-7D29-49EA-A6B7-6A9D9839AEE7}"
EndProject
Global
	GlobalSection(SolutionConfigurationPlatforms) = preSolution
		Debug|Any CPU = Debug|Any CPU
		Release|Any CPU = Release|Any CPU
	EndGlobalSection
	GlobalSection(ProjectConfigurationPlatforms) = postSolution
		{5B5B6839-7D29-49EA-A6B7-6A9D9839AEE7}.Debug|Any CPU.ActiveCfg = Debug|Any CPU
		{5B5B6839-7D29-49EA-A6B7-6A9D9839AEE7}.Debug|Any CPU.Build.0 = Debug|Any CPU
		{5B5B6839-7D29-49EA-A6B7-6A9D9839AEE7}.Release|Any CPU.ActiveCfg = Release|Any CPU
		{5B5B6839-7D29-49EA-A6B7-6A9D9839AEE7}.Release|Any CPU.Build.0 = Release|Any CPU
	EndGlobalSection
	GlobalSection(SolutionProperties) = preSolution
		HideSolutionNode = FALSE
	EndGlobalSection
	GlobalSection(ExtensibilityGlobals) = postSolution
		SolutionGuid = {84E1727E-A186-49F5-A988-D8666F76B8C5}
	EndGlobalSection
EndGlobal
